
Microsoft Visual Studio Solution File, Format Version 12.00
# Visual Studio Version 16
VisualStudioVersion = 16.0.29411.108
MinimumVisualStudioVersion = 10.0.40219.1
Project("{FAE04EC0-301F-11D3-BF4B-00C04F79EFBC}") = "Lab4", "Lab4.csproj", "{33645D64-25B2-494C-AE33-C7FA2F1A3CEF}"
EndProject
Global
	GlobalSection(SolutionConfigurationPlatforms) = preSolution
		Debug|Any CPU = Debug|Any CPU
		Release|Any CPU = Release|Any CPU
	EndGlobalSection
	GlobalSection(ProjectConfigurationPlatforms) = postSolution
		{33645D64-25B2-494C-AE33-C7FA2F1A3CEF}.Debug|Any CPU.ActiveCfg = Debug|Any CPU
		{33645D64-25B2-494C-AE33-C7FA2F1A3CEF}.Debug|Any CPU.Build.0 = Debug|Any CPU
		{33645D64-25B2-494C-AE33-C7FA2F1A3CEF}.Release|Any CPU.ActiveCfg = Release|Any CPU
		{33645D64-25B2-494C-AE33-C7FA2F1A3CEF}.Release|Any CPU.Build.0 = Release|Any CPU
	EndGlobalSection
	GlobalSection(SolutionProperties) = preSolution
		HideSolutionNode = FALSE
	EndGlobalSection
	GlobalSection(ExtensibilityGlobals) = postSolution
		SolutionGuid = {75B2071D-6E19-4887-BA65-00FBC1DBB3E0}
	EndGlobalSection
EndGlobal
