
Microsoft Visual Studio Solution File, Format Version 12.00
# Visual Studio Version 16
VisualStudioVersion = 16.0.29411.108
MinimumVisualStudioVersion = 10.0.40219.1
Project("{FAE04EC0-301F-11D3-BF4B-00C04F79EFBC}") = "Lab3", "Lab3.csproj", "{F47A2350-8E72-49A4-A724-9D6CB26B82AE}"
EndProject
Global
	GlobalSection(SolutionConfigurationPlatforms) = preSolution
		Debug|Any CPU = Debug|Any CPU
		Release|Any CPU = Release|Any CPU
	EndGlobalSection
	GlobalSection(ProjectConfigurationPlatforms) = postSolution
		{F47A2350-8E72-49A4-A724-9D6CB26B82AE}.Debug|Any CPU.ActiveCfg = Debug|Any CPU
		{F47A2350-8E72-49A4-A724-9D6CB26B82AE}.Debug|Any CPU.Build.0 = Debug|Any CPU
		{F47A2350-8E72-49A4-A724-9D6CB26B82AE}.Release|Any CPU.ActiveCfg = Release|Any CPU
		{F47A2350-8E72-49A4-A724-9D6CB26B82AE}.Release|Any CPU.Build.0 = Release|Any CPU
	EndGlobalSection
	GlobalSection(SolutionProperties) = preSolution
		HideSolutionNode = FALSE
	EndGlobalSection
	GlobalSection(ExtensibilityGlobals) = postSolution
		SolutionGuid = {B84BD310-A7E4-4C7E-8814-2D107A89A504}
	EndGlobalSection
EndGlobal
